// !$*UTF8*$!
{
	archiveVersion = 1;
	classes = {
	};
	objectVersion = 46;
	objects = {

/* Begin PBXBuildFile section */
		3E3E5D631CC55F6300E8ACDC /* main.c in Sources */ = {isa = PBXBuildFile; fileRef = 3E3E5D621CC55F6300E8ACDC /* main.c */; };
/* End PBXBuildFile section */

/* Begin PBXCopyFilesBuildPhase section */
		3E3E5D5D1CC55F6300E8ACDC /* CopyFiles */ = {
			isa = PBXCopyFilesBuildPhase;
			buildActionMask = 2147483647;
			dstPath = /usr/share/man/man1/;
			dstSubfolderSpec = 0;
			files = (
			);
			runOnlyForDeploymentPostprocessing = 1;
		};
/* End PBXCopyFilesBuildPhase section */

/* Begin PBXFileReference section */
		3E3E5D5F1CC55F6300E8ACDC /* f-51Nod-1058-N的阶乘的长度 */ = {isa = PBXFileReference; explicitFileType = "compiled.mach-o.executable"; includeInIndex = 0; path = "f-51Nod-1058-N的阶乘的长度"; sourceTree = BUILT_PRODUCTS_DIR; };
		3E3E5D621CC55F6300E8ACDC /* main.c */ = {isa = PBXFileReference; lastKnownFileType = sourcecode.c.c; path = main.c; sourceTree = "<group>"; };
/* End PBXFileReference section */

/* Begin PBXFrameworksBuildPhase section */
		3E3E5D5C1CC55F6300E8ACDC /* Frameworks */ = {
			isa = PBXFrameworksBuildPhase;
			buildActionMask = 2147483647;
			files = (
			);
			runOnlyForDeploymentPostprocessing = 0;
		};
/* End PBXFrameworksBuildPhase section */

/* Begin PBXGroup section */
		3E3E5D561CC55F6300E8ACDC = {
			isa = PBXGroup;
			children = (
				3E3E5D611CC55F6300E8ACDC /* f-51Nod-1058-N的阶乘的长度 */,
				3E3E5D601CC55F6300E8ACDC /* Products */,
			);
			sourceTree = "<group>";
		};
		3E3E5D601CC55F6300E8ACDC /* Products */ = {
			isa = PBXGroup;
			children = (
				3E3E5D5F1CC55F6300E8ACDC /* f-51Nod-1058-N的阶乘的长度 */,
			);
			name = Products;
			sourceTree = "<group>";
		};
		3E3E5D611CC55F6300E8ACDC /* f-51Nod-1058-N的阶乘的长度 */ = {
			isa = PBXGroup;
			children = (
				3E3E5D621CC55F6300E8ACDC /* main.c */,
			);
			path = "f-51Nod-1058-N的阶乘的长度";
			sourceTree = "<group>";
		};
/* End PBXGroup section */

/* Begin PBXNativeTarget section */
		3E3E5D5E1CC55F6300E8ACDC /* f-51Nod-1058-N的阶乘的长度 */ = {
			isa = PBXNativeTarget;
			buildConfigurationList = 3E3E5D661CC55F6300E8ACDC /* Build configuration list for PBXNativeTarget "f-51Nod-1058-N的阶乘的长度" */;
			buildPhases = (
				3E3E5D5B1CC55F6300E8ACDC /* Sources */,
				3E3E5D5C1CC55F6300E8ACDC /* Frameworks */,
				3E3E5D5D1CC55F6300E8ACDC /* CopyFiles */,
			);
			buildRules = (
			);
			dependencies = (
			);
			name = "f-51Nod-1058-N的阶乘的长度";
			productName = "f-51Nod-1058-N的阶乘的长度";
			productReference = 3E3E5D5F1CC55F6300E8ACDC /* f-51Nod-1058-N的阶乘的长度 */;
			productType = "com.apple.product-type.tool";
		};
/* End PBXNativeTarget section */

/* Begin PBXProject section */
		3E3E5D571CC55F6300E8ACDC /* Project object */ = {
			isa = PBXProject;
			attributes = {
				LastUpgradeCheck = 0720;
				ORGANIZATIONNAME = ZYJ;
				TargetAttributes = {
					3E3E5D5E1CC55F6300E8ACDC = {
						CreatedOnToolsVersion = 7.2.1;
					};
				};
			};
			buildConfigurationList = 3E3E5D5A1CC55F6300E8ACDC /* Build configuration list for PBXProject "f-51Nod-1058-N的阶乘的长度" */;
			compatibilityVersion = "Xcode 3.2";
			developmentRegion = English;
			hasScannedForEncodings = 0;
			knownRegions = (
				en,
			);
			mainGroup = 3E3E5D561CC55F6300E8ACDC;
			productRefGroup = 3E3E5D601CC55F6300E8ACDC /* Products */;
			projectDirPath = "";
			projectRoot = "";
			targets = (
				3E3E5D5E1CC55F6300E8ACDC /* f-51Nod-1058-N的阶乘的长度 */,
			);
		};
/* End PBXProject section */

/* Begin PBXSourcesBuildPhase section */
		3E3E5D5B1CC55F6300E8ACDC /* Sources */ = {
			isa = PBXSourcesBuildPhase;
			buildActionMask = 2147483647;
			files = (
				3E3E5D631CC55F6300E8ACDC /* main.c in Sources */,
			);
			runOnlyForDeploymentPostprocessing = 0;
		};
/* End PBXSourcesBuildPhase section */

/* Begin XCBuildConfiguration section */
		3E3E5D641CC55F6300E8ACDC /* Debug */ = {
			isa = XCBuildConfiguration;
			buildSettings = {
				ALWAYS_SEARCH_USER_PATHS = NO;
				CLANG_CXX_LANGUAGE_STANDARD = "gnu++0x";
				CLANG_CXX_LIBRARY = "libc++";
				CLANG_ENABLE_MODULES = YES;
				CLANG_ENABLE_OBJC_ARC = YES;
				CLANG_WARN_BOOL_CONVERSION = YES;
				CLANG_WARN_CONSTANT_CONVERSION = YES;
				CLANG_WARN_DIRECT_OBJC_ISA_USAGE = YES_ERROR;
				CLANG_WARN_EMPTY_BODY = YES;
				CLANG_WARN_ENUM_CONVERSION = YES;
				CLANG_WARN_INT_CONVERSION = YES;
				CLANG_WARN_OBJC_ROOT_CLASS = YES_ERROR;
				CLANG_WARN_UNREACHABLE_CODE = YES;
				CLANG_WARN__DUPLICATE_METHOD_MATCH = YES;
				CODE_SIGN_IDENTITY = "-";
				COPY_PHASE_STRIP = NO;
				DEBUG_INFORMATION_FORMAT = dwarf;
				ENABLE_STRICT_OBJC_MSGSEND = YES;
				ENABLE_TESTABILITY = YES;
				GCC_C_LANGUAGE_STANDARD = gnu99;
				GCC_DYNAMIC_NO_PIC = NO;
				GCC_NO_COMMON_BLOCKS = YES;
				GCC_OPTIMIZATION_LEVEL = 0;
				GCC_PREPROCESSOR_DEFINITIONS = (
					"DEBUG=1",
					"$(inherited)",
				);
				GCC_WARN_64_TO_32_BIT_CONVERSION = YES;
				GCC_WARN_ABOUT_RETURN_TYPE = YES_ERROR;
				GCC_WARN_UNDECLARED_SELECTOR = YES;
				GCC_WARN_UNINITIALIZED_AUTOS = YES_AGGRESSIVE;
				GCC_WARN_UNUSED_FUNCTION = YES;
				GCC_WARN_UNUSED_VARIABLE = YES;
				MACOSX_DEPLOYMENT_TARGET = 10.11;
				MTL_ENABLE_DEBUG_INFO = YES;
				ONLY_ACTIVE_ARCH = YES;
				SDKROOT = macosx;
			};
			name = Debug;
		};
		3E3E5D651CC55F6300E8ACDC /* Release */ = {
			isa = XCBuildConfiguration;
			buildSettings = {
				ALWAYS_SEARCH_USER_PATHS = NO;
				CLANG_CXX_LANGUAGE_STANDARD = "gnu++0x";
				CLANG_CXX_LIBRARY = "libc++";
				CLANG_ENABLE_MODULES = YES;
				CLANG_ENABLE_OBJC_ARC = YES;
				CLANG_WARN_BOOL_CONVERSION = YES;
				CLANG_WARN_CONSTANT_CONVERSION = YES;
				CLANG_WARN_DIRECT_OBJC_ISA_USAGE = YES_ERROR;
				CLANG_WARN_EMPTY_BODY = YES;
				CLANG_WARN_ENUM_CONVERSION = YES;
				CLANG_WARN_INT_CONVERSION = YES;
				CLANG_WARN_OBJC_ROOT_CLASS = YES_ERROR;
				CLANG_WARN_UNREACHABLE_CODE = YES;
				CLANG_WARN__DUPLICATE_METHOD_MATCH = YES;
				CODE_SIGN_IDENTITY = "-";
				COPY_PHASE_STRIP = NO;
				DEBUG_INFORMATION_FORMAT = "dwarf-with-dsym";
				ENABLE_NS_ASSERTIONS = NO;
				ENABLE_STRICT_OBJC_MSGSEND = YES;
				GCC_C_LANGUAGE_STANDARD = gnu99;
				GCC_NO_COMMON_BLOCKS = YES;
				GCC_WARN_64_TO_32_BIT_CONVERSION = YES;
				GCC_WARN_ABOUT_RETURN_TYPE = YES_ERROR;
				GCC_WARN_UNDECLARED_SELECTOR = YES;
				GCC_WARN_UNINITIALIZED_AUTOS = YES_AGGRESSIVE;
				GCC_WARN_UNUSED_FUNCTION = YES;
				GCC_WARN_UNUSED_VARIABLE = YES;
				MACOSX_DEPLOYMENT_TARGET = 10.11;
				MTL_ENABLE_DEBUG_INFO = NO;
				SDKROOT = macosx;
			};
			name = Release;
		};
		3E3E5D671CC55F6300E8ACDC /* Debug */ = {
			isa = XCBuildConfiguration;
			buildSettings = {
				PRODUCT_NAME = "$(TARGET_NAME)";
			};
			name = Debug;
		};
		3E3E5D681CC55F6300E8ACDC /* Release */ = {
			isa = XCBuildConfiguration;
			buildSettings = {
				PRODUCT_NAME = "$(TARGET_NAME)";
			};
			name = Release;
		};
/* End XCBuildConfiguration section */

/* Begin XCConfigurationList section */
		3E3E5D5A1CC55F6300E8ACDC /* Build configuration list for PBXProject "f-51Nod-1058-N的阶乘的长度" */ = {
			isa = XCConfigurationList;
			buildConfigurations = (
				3E3E5D641CC55F6300E8ACDC /* Debug */,
				3E3E5D651CC55F6300E8ACDC /* Release */,
			);
			defaultConfigurationIsVisible = 0;
			defaultConfigurationName = Release;
		};
		3E3E5D661CC55F6300E8ACDC /* Build configuration list for PBXNativeTarget "f-51Nod-1058-N的阶乘的长度" */ = {
			isa = XCConfigurationList;
			buildConfigurations = (
				3E3E5D671CC55F6300E8ACDC /* Debug */,
				3E3E5D681CC55F6300E8ACDC /* Release */,
			);
			defaultConfigurationIsVisible = 0;
		};
/* End XCConfigurationList section */
	};
	rootObject = 3E3E5D571CC55F6300E8ACDC /* Project object */;
}
