// !$*UTF8*$!
{
	archiveVersion = 1;
	classes = {
	};
	objectVersion = 46;
	objects = {

/* Begin PBXBuildFile section */
		3E446B4D1CD4DFD500F9DAAD /* main.c in Sources */ = {isa = PBXBuildFile; fileRef = 3E446B4C1CD4DFD500F9DAAD /* main.c */; };
/* End PBXBuildFile section */

/* Begin PBXCopyFilesBuildPhase section */
		3E446B471CD4DFD500F9DAAD /* CopyFiles */ = {
			isa = PBXCopyFilesBuildPhase;
			buildActionMask = 2147483647;
			dstPath = /usr/share/man/man1/;
			dstSubfolderSpec = 0;
			files = (
			);
			runOnlyForDeploymentPostprocessing = 1;
		};
/* End PBXCopyFilesBuildPhase section */

/* Begin PBXFileReference section */
		3E446B491CD4DFD500F9DAAD /* f-51Nod-算法马拉松13-B-数有几多愁 */ = {isa = PBXFileReference; explicitFileType = "compiled.mach-o.executable"; includeInIndex = 0; path = "f-51Nod-算法马拉松13-B-数有几多愁"; sourceTree = BUILT_PRODUCTS_DIR; };
		3E446B4C1CD4DFD500F9DAAD /* main.c */ = {isa = PBXFileReference; lastKnownFileType = sourcecode.c.c; path = main.c; sourceTree = "<group>"; };
/* End PBXFileReference section */

/* Begin PBXFrameworksBuildPhase section */
		3E446B461CD4DFD500F9DAAD /* Frameworks */ = {
			isa = PBXFrameworksBuildPhase;
			buildActionMask = 2147483647;
			files = (
			);
			runOnlyForDeploymentPostprocessing = 0;
		};
/* End PBXFrameworksBuildPhase section */

/* Begin PBXGroup section */
		3E446B401CD4DFD500F9DAAD = {
			isa = PBXGroup;
			children = (
				3E446B4B1CD4DFD500F9DAAD /* f-51Nod-算法马拉松13-B-数有几多愁 */,
				3E446B4A1CD4DFD500F9DAAD /* Products */,
			);
			sourceTree = "<group>";
		};
		3E446B4A1CD4DFD500F9DAAD /* Products */ = {
			isa = PBXGroup;
			children = (
				3E446B491CD4DFD500F9DAAD /* f-51Nod-算法马拉松13-B-数有几多愁 */,
			);
			name = Products;
			sourceTree = "<group>";
		};
		3E446B4B1CD4DFD500F9DAAD /* f-51Nod-算法马拉松13-B-数有几多愁 */ = {
			isa = PBXGroup;
			children = (
				3E446B4C1CD4DFD500F9DAAD /* main.c */,
			);
			path = "f-51Nod-算法马拉松13-B-数有几多愁";
			sourceTree = "<group>";
		};
/* End PBXGroup section */

/* Begin PBXNativeTarget section */
		3E446B481CD4DFD500F9DAAD /* f-51Nod-算法马拉松13-B-数有几多愁 */ = {
			isa = PBXNativeTarget;
			buildConfigurationList = 3E446B501CD4DFD500F9DAAD /* Build configuration list for PBXNativeTarget "f-51Nod-算法马拉松13-B-数有几多愁" */;
			buildPhases = (
				3E446B451CD4DFD500F9DAAD /* Sources */,
				3E446B461CD4DFD500F9DAAD /* Frameworks */,
				3E446B471CD4DFD500F9DAAD /* CopyFiles */,
			);
			buildRules = (
			);
			dependencies = (
			);
			name = "f-51Nod-算法马拉松13-B-数有几多愁";
			productName = "f-51Nod-算法马拉松13-B-数有几多愁";
			productReference = 3E446B491CD4DFD500F9DAAD /* f-51Nod-算法马拉松13-B-数有几多愁 */;
			productType = "com.apple.product-type.tool";
		};
/* End PBXNativeTarget section */

/* Begin PBXProject section */
		3E446B411CD4DFD500F9DAAD /* Project object */ = {
			isa = PBXProject;
			attributes = {
				LastUpgradeCheck = 0720;
				ORGANIZATIONNAME = ZYJ;
				TargetAttributes = {
					3E446B481CD4DFD500F9DAAD = {
						CreatedOnToolsVersion = 7.2.1;
					};
				};
			};
			buildConfigurationList = 3E446B441CD4DFD500F9DAAD /* Build configuration list for PBXProject "f-51Nod-算法马拉松13-B-数有几多愁" */;
			compatibilityVersion = "Xcode 3.2";
			developmentRegion = English;
			hasScannedForEncodings = 0;
			knownRegions = (
				en,
			);
			mainGroup = 3E446B401CD4DFD500F9DAAD;
			productRefGroup = 3E446B4A1CD4DFD500F9DAAD /* Products */;
			projectDirPath = "";
			projectRoot = "";
			targets = (
				3E446B481CD4DFD500F9DAAD /* f-51Nod-算法马拉松13-B-数有几多愁 */,
			);
		};
/* End PBXProject section */

/* Begin PBXSourcesBuildPhase section */
		3E446B451CD4DFD500F9DAAD /* Sources */ = {
			isa = PBXSourcesBuildPhase;
			buildActionMask = 2147483647;
			files = (
				3E446B4D1CD4DFD500F9DAAD /* main.c in Sources */,
			);
			runOnlyForDeploymentPostprocessing = 0;
		};
/* End PBXSourcesBuildPhase section */

/* Begin XCBuildConfiguration section */
		3E446B4E1CD4DFD500F9DAAD /* Debug */ = {
			isa = XCBuildConfiguration;
			buildSettings = {
				ALWAYS_SEARCH_USER_PATHS = NO;
				CLANG_CXX_LANGUAGE_STANDARD = "gnu++0x";
				CLANG_CXX_LIBRARY = "libc++";
				CLANG_ENABLE_MODULES = YES;
				CLANG_ENABLE_OBJC_ARC = YES;
				CLANG_WARN_BOOL_CONVERSION = YES;
				CLANG_WARN_CONSTANT_CONVERSION = YES;
				CLANG_WARN_DIRECT_OBJC_ISA_USAGE = YES_ERROR;
				CLANG_WARN_EMPTY_BODY = YES;
				CLANG_WARN_ENUM_CONVERSION = YES;
				CLANG_WARN_INT_CONVERSION = YES;
				CLANG_WARN_OBJC_ROOT_CLASS = YES_ERROR;
				CLANG_WARN_UNREACHABLE_CODE = YES;
				CLANG_WARN__DUPLICATE_METHOD_MATCH = YES;
				CODE_SIGN_IDENTITY = "-";
				COPY_PHASE_STRIP = NO;
				DEBUG_INFORMATION_FORMAT = dwarf;
				ENABLE_STRICT_OBJC_MSGSEND = YES;
				ENABLE_TESTABILITY = YES;
				GCC_C_LANGUAGE_STANDARD = gnu99;
				GCC_DYNAMIC_NO_PIC = NO;
				GCC_NO_COMMON_BLOCKS = YES;
				GCC_OPTIMIZATION_LEVEL = 0;
				GCC_PREPROCESSOR_DEFINITIONS = (
					"DEBUG=1",
					"$(inherited)",
				);
				GCC_WARN_64_TO_32_BIT_CONVERSION = YES;
				GCC_WARN_ABOUT_RETURN_TYPE = YES_ERROR;
				GCC_WARN_UNDECLARED_SELECTOR = YES;
				GCC_WARN_UNINITIALIZED_AUTOS = YES_AGGRESSIVE;
				GCC_WARN_UNUSED_FUNCTION = YES;
				GCC_WARN_UNUSED_VARIABLE = YES;
				MACOSX_DEPLOYMENT_TARGET = 10.11;
				MTL_ENABLE_DEBUG_INFO = YES;
				ONLY_ACTIVE_ARCH = YES;
				SDKROOT = macosx;
			};
			name = Debug;
		};
		3E446B4F1CD4DFD500F9DAAD /* Release */ = {
			isa = XCBuildConfiguration;
			buildSettings = {
				ALWAYS_SEARCH_USER_PATHS = NO;
				CLANG_CXX_LANGUAGE_STANDARD = "gnu++0x";
				CLANG_CXX_LIBRARY = "libc++";
				CLANG_ENABLE_MODULES = YES;
				CLANG_ENABLE_OBJC_ARC = YES;
				CLANG_WARN_BOOL_CONVERSION = YES;
				CLANG_WARN_CONSTANT_CONVERSION = YES;
				CLANG_WARN_DIRECT_OBJC_ISA_USAGE = YES_ERROR;
				CLANG_WARN_EMPTY_BODY = YES;
				CLANG_WARN_ENUM_CONVERSION = YES;
				CLANG_WARN_INT_CONVERSION = YES;
				CLANG_WARN_OBJC_ROOT_CLASS = YES_ERROR;
				CLANG_WARN_UNREACHABLE_CODE = YES;
				CLANG_WARN__DUPLICATE_METHOD_MATCH = YES;
				CODE_SIGN_IDENTITY = "-";
				COPY_PHASE_STRIP = NO;
				DEBUG_INFORMATION_FORMAT = "dwarf-with-dsym";
				ENABLE_NS_ASSERTIONS = NO;
				ENABLE_STRICT_OBJC_MSGSEND = YES;
				GCC_C_LANGUAGE_STANDARD = gnu99;
				GCC_NO_COMMON_BLOCKS = YES;
				GCC_WARN_64_TO_32_BIT_CONVERSION = YES;
				GCC_WARN_ABOUT_RETURN_TYPE = YES_ERROR;
				GCC_WARN_UNDECLARED_SELECTOR = YES;
				GCC_WARN_UNINITIALIZED_AUTOS = YES_AGGRESSIVE;
				GCC_WARN_UNUSED_FUNCTION = YES;
				GCC_WARN_UNUSED_VARIABLE = YES;
				MACOSX_DEPLOYMENT_TARGET = 10.11;
				MTL_ENABLE_DEBUG_INFO = NO;
				SDKROOT = macosx;
			};
			name = Release;
		};
		3E446B511CD4DFD500F9DAAD /* Debug */ = {
			isa = XCBuildConfiguration;
			buildSettings = {
				PRODUCT_NAME = "$(TARGET_NAME)";
			};
			name = Debug;
		};
		3E446B521CD4DFD500F9DAAD /* Release */ = {
			isa = XCBuildConfiguration;
			buildSettings = {
				PRODUCT_NAME = "$(TARGET_NAME)";
			};
			name = Release;
		};
/* End XCBuildConfiguration section */

/* Begin XCConfigurationList section */
		3E446B441CD4DFD500F9DAAD /* Build configuration list for PBXProject "f-51Nod-算法马拉松13-B-数有几多愁" */ = {
			isa = XCConfigurationList;
			buildConfigurations = (
				3E446B4E1CD4DFD500F9DAAD /* Debug */,
				3E446B4F1CD4DFD500F9DAAD /* Release */,
			);
			defaultConfigurationIsVisible = 0;
			defaultConfigurationName = Release;
		};
		3E446B501CD4DFD500F9DAAD /* Build configuration list for PBXNativeTarget "f-51Nod-算法马拉松13-B-数有几多愁" */ = {
			isa = XCConfigurationList;
			buildConfigurations = (
				3E446B511CD4DFD500F9DAAD /* Debug */,
				3E446B521CD4DFD500F9DAAD /* Release */,
			);
			defaultConfigurationIsVisible = 0;
		};
/* End XCConfigurationList section */
	};
	rootObject = 3E446B411CD4DFD500F9DAAD /* Project object */;
}
