// !$*UTF8*$!
{
	archiveVersion = 1;
	classes = {
	};
	objectVersion = 46;
	objects = {

/* Begin PBXBuildFile section */
		3EE470821CC02A79003AC685 /* main.c in Sources */ = {isa = PBXBuildFile; fileRef = 3EE470811CC02A79003AC685 /* main.c */; };
/* End PBXBuildFile section */

/* Begin PBXCopyFilesBuildPhase section */
		3EE4707C1CC02A79003AC685 /* CopyFiles */ = {
			isa = PBXCopyFilesBuildPhase;
			buildActionMask = 2147483647;
			dstPath = /usr/share/man/man1/;
			dstSubfolderSpec = 0;
			files = (
			);
			runOnlyForDeploymentPostprocessing = 1;
		};
/* End PBXCopyFilesBuildPhase section */

/* Begin PBXFileReference section */
		3EE4707E1CC02A79003AC685 /* f-51Nod-1006-最长公共子序列Lcs */ = {isa = PBXFileReference; explicitFileType = "compiled.mach-o.executable"; includeInIndex = 0; path = "f-51Nod-1006-最长公共子序列Lcs"; sourceTree = BUILT_PRODUCTS_DIR; };
		3EE470811CC02A79003AC685 /* main.c */ = {isa = PBXFileReference; lastKnownFileType = sourcecode.c.c; path = main.c; sourceTree = "<group>"; };
/* End PBXFileReference section */

/* Begin PBXFrameworksBuildPhase section */
		3EE4707B1CC02A79003AC685 /* Frameworks */ = {
			isa = PBXFrameworksBuildPhase;
			buildActionMask = 2147483647;
			files = (
			);
			runOnlyForDeploymentPostprocessing = 0;
		};
/* End PBXFrameworksBuildPhase section */

/* Begin PBXGroup section */
		3EE470751CC02A79003AC685 = {
			isa = PBXGroup;
			children = (
				3EE470801CC02A79003AC685 /* f-51Nod-1006-最长公共子序列Lcs */,
				3EE4707F1CC02A79003AC685 /* Products */,
			);
			sourceTree = "<group>";
		};
		3EE4707F1CC02A79003AC685 /* Products */ = {
			isa = PBXGroup;
			children = (
				3EE4707E1CC02A79003AC685 /* f-51Nod-1006-最长公共子序列Lcs */,
			);
			name = Products;
			sourceTree = "<group>";
		};
		3EE470801CC02A79003AC685 /* f-51Nod-1006-最长公共子序列Lcs */ = {
			isa = PBXGroup;
			children = (
				3EE470811CC02A79003AC685 /* main.c */,
			);
			path = "f-51Nod-1006-最长公共子序列Lcs";
			sourceTree = "<group>";
		};
/* End PBXGroup section */

/* Begin PBXNativeTarget section */
		3EE4707D1CC02A79003AC685 /* f-51Nod-1006-最长公共子序列Lcs */ = {
			isa = PBXNativeTarget;
			buildConfigurationList = 3EE470851CC02A79003AC685 /* Build configuration list for PBXNativeTarget "f-51Nod-1006-最长公共子序列Lcs" */;
			buildPhases = (
				3EE4707A1CC02A79003AC685 /* Sources */,
				3EE4707B1CC02A79003AC685 /* Frameworks */,
				3EE4707C1CC02A79003AC685 /* CopyFiles */,
			);
			buildRules = (
			);
			dependencies = (
			);
			name = "f-51Nod-1006-最长公共子序列Lcs";
			productName = "f-51Nod-1006-最长公共子序列Lcs";
			productReference = 3EE4707E1CC02A79003AC685 /* f-51Nod-1006-最长公共子序列Lcs */;
			productType = "com.apple.product-type.tool";
		};
/* End PBXNativeTarget section */

/* Begin PBXProject section */
		3EE470761CC02A79003AC685 /* Project object */ = {
			isa = PBXProject;
			attributes = {
				LastUpgradeCheck = 0720;
				ORGANIZATIONNAME = ZYJ;
				TargetAttributes = {
					3EE4707D1CC02A79003AC685 = {
						CreatedOnToolsVersion = 7.2.1;
					};
				};
			};
			buildConfigurationList = 3EE470791CC02A79003AC685 /* Build configuration list for PBXProject "f-51Nod-1006-最长公共子序列Lcs" */;
			compatibilityVersion = "Xcode 3.2";
			developmentRegion = English;
			hasScannedForEncodings = 0;
			knownRegions = (
				en,
			);
			mainGroup = 3EE470751CC02A79003AC685;
			productRefGroup = 3EE4707F1CC02A79003AC685 /* Products */;
			projectDirPath = "";
			projectRoot = "";
			targets = (
				3EE4707D1CC02A79003AC685 /* f-51Nod-1006-最长公共子序列Lcs */,
			);
		};
/* End PBXProject section */

/* Begin PBXSourcesBuildPhase section */
		3EE4707A1CC02A79003AC685 /* Sources */ = {
			isa = PBXSourcesBuildPhase;
			buildActionMask = 2147483647;
			files = (
				3EE470821CC02A79003AC685 /* main.c in Sources */,
			);
			runOnlyForDeploymentPostprocessing = 0;
		};
/* End PBXSourcesBuildPhase section */

/* Begin XCBuildConfiguration section */
		3EE470831CC02A79003AC685 /* Debug */ = {
			isa = XCBuildConfiguration;
			buildSettings = {
				ALWAYS_SEARCH_USER_PATHS = NO;
				CLANG_CXX_LANGUAGE_STANDARD = "gnu++0x";
				CLANG_CXX_LIBRARY = "libc++";
				CLANG_ENABLE_MODULES = YES;
				CLANG_ENABLE_OBJC_ARC = YES;
				CLANG_WARN_BOOL_CONVERSION = YES;
				CLANG_WARN_CONSTANT_CONVERSION = YES;
				CLANG_WARN_DIRECT_OBJC_ISA_USAGE = YES_ERROR;
				CLANG_WARN_EMPTY_BODY = YES;
				CLANG_WARN_ENUM_CONVERSION = YES;
				CLANG_WARN_INT_CONVERSION = YES;
				CLANG_WARN_OBJC_ROOT_CLASS = YES_ERROR;
				CLANG_WARN_UNREACHABLE_CODE = YES;
				CLANG_WARN__DUPLICATE_METHOD_MATCH = YES;
				CODE_SIGN_IDENTITY = "-";
				COPY_PHASE_STRIP = NO;
				DEBUG_INFORMATION_FORMAT = dwarf;
				ENABLE_STRICT_OBJC_MSGSEND = YES;
				ENABLE_TESTABILITY = YES;
				GCC_C_LANGUAGE_STANDARD = gnu99;
				GCC_DYNAMIC_NO_PIC = NO;
				GCC_NO_COMMON_BLOCKS = YES;
				GCC_OPTIMIZATION_LEVEL = 0;
				GCC_PREPROCESSOR_DEFINITIONS = (
					"DEBUG=1",
					"$(inherited)",
				);
				GCC_WARN_64_TO_32_BIT_CONVERSION = YES;
				GCC_WARN_ABOUT_RETURN_TYPE = YES_ERROR;
				GCC_WARN_UNDECLARED_SELECTOR = YES;
				GCC_WARN_UNINITIALIZED_AUTOS = YES_AGGRESSIVE;
				GCC_WARN_UNUSED_FUNCTION = YES;
				GCC_WARN_UNUSED_VARIABLE = YES;
				MACOSX_DEPLOYMENT_TARGET = 10.11;
				MTL_ENABLE_DEBUG_INFO = YES;
				ONLY_ACTIVE_ARCH = YES;
				SDKROOT = macosx;
			};
			name = Debug;
		};
		3EE470841CC02A79003AC685 /* Release */ = {
			isa = XCBuildConfiguration;
			buildSettings = {
				ALWAYS_SEARCH_USER_PATHS = NO;
				CLANG_CXX_LANGUAGE_STANDARD = "gnu++0x";
				CLANG_CXX_LIBRARY = "libc++";
				CLANG_ENABLE_MODULES = YES;
				CLANG_ENABLE_OBJC_ARC = YES;
				CLANG_WARN_BOOL_CONVERSION = YES;
				CLANG_WARN_CONSTANT_CONVERSION = YES;
				CLANG_WARN_DIRECT_OBJC_ISA_USAGE = YES_ERROR;
				CLANG_WARN_EMPTY_BODY = YES;
				CLANG_WARN_ENUM_CONVERSION = YES;
				CLANG_WARN_INT_CONVERSION = YES;
				CLANG_WARN_OBJC_ROOT_CLASS = YES_ERROR;
				CLANG_WARN_UNREACHABLE_CODE = YES;
				CLANG_WARN__DUPLICATE_METHOD_MATCH = YES;
				CODE_SIGN_IDENTITY = "-";
				COPY_PHASE_STRIP = NO;
				DEBUG_INFORMATION_FORMAT = "dwarf-with-dsym";
				ENABLE_NS_ASSERTIONS = NO;
				ENABLE_STRICT_OBJC_MSGSEND = YES;
				GCC_C_LANGUAGE_STANDARD = gnu99;
				GCC_NO_COMMON_BLOCKS = YES;
				GCC_WARN_64_TO_32_BIT_CONVERSION = YES;
				GCC_WARN_ABOUT_RETURN_TYPE = YES_ERROR;
				GCC_WARN_UNDECLARED_SELECTOR = YES;
				GCC_WARN_UNINITIALIZED_AUTOS = YES_AGGRESSIVE;
				GCC_WARN_UNUSED_FUNCTION = YES;
				GCC_WARN_UNUSED_VARIABLE = YES;
				MACOSX_DEPLOYMENT_TARGET = 10.11;
				MTL_ENABLE_DEBUG_INFO = NO;
				SDKROOT = macosx;
			};
			name = Release;
		};
		3EE470861CC02A79003AC685 /* Debug */ = {
			isa = XCBuildConfiguration;
			buildSettings = {
				PRODUCT_NAME = "$(TARGET_NAME)";
			};
			name = Debug;
		};
		3EE470871CC02A79003AC685 /* Release */ = {
			isa = XCBuildConfiguration;
			buildSettings = {
				PRODUCT_NAME = "$(TARGET_NAME)";
			};
			name = Release;
		};
/* End XCBuildConfiguration section */

/* Begin XCConfigurationList section */
		3EE470791CC02A79003AC685 /* Build configuration list for PBXProject "f-51Nod-1006-最长公共子序列Lcs" */ = {
			isa = XCConfigurationList;
			buildConfigurations = (
				3EE470831CC02A79003AC685 /* Debug */,
				3EE470841CC02A79003AC685 /* Release */,
			);
			defaultConfigurationIsVisible = 0;
			defaultConfigurationName = Release;
		};
		3EE470851CC02A79003AC685 /* Build configuration list for PBXNativeTarget "f-51Nod-1006-最长公共子序列Lcs" */ = {
			isa = XCConfigurationList;
			buildConfigurations = (
				3EE470861CC02A79003AC685 /* Debug */,
				3EE470871CC02A79003AC685 /* Release */,
			);
			defaultConfigurationIsVisible = 0;
		};
/* End XCConfigurationList section */
	};
	rootObject = 3EE470761CC02A79003AC685 /* Project object */;
}
